// !$*UTF8*$!
{
	archiveVersion = 1;
	classes = {
	};
	objectVersion = 46;
	objects = {

/* Begin PBXBuildFile section */
		4762B8E81C8E36AA0008BBD3 /* AppDelegate.swift in Sources */ = {isa = PBXBuildFile; fileRef = 4762B8E71C8E36AA0008BBD3 /* AppDelegate.swift */; };
		4762B8EA1C8E36AA0008BBD3 /* ViewController.swift in Sources */ = {isa = PBXBuildFile; fileRef = 4762B8E91C8E36AA0008BBD3 /* ViewController.swift */; };
		4762B8ED1C8E36AA0008BBD3 /* Main.storyboard in Resources */ = {isa = PBXBuildFile; fileRef = 4762B8EB1C8E36AA0008BBD3 /* Main.storyboard */; };
		4762B8F01C8E36AA0008BBD3 /* ImagesAgainstHumanity.xcdatamodeld in Sources */ = {isa = PBXBuildFile; fileRef = 4762B8EE1C8E36AA0008BBD3 /* ImagesAgainstHumanity.xcdatamodeld */; };
		4762B8F21C8E36AA0008BBD3 /* Assets.xcassets in Resources */ = {isa = PBXBuildFile; fileRef = 4762B8F11C8E36AA0008BBD3 /* Assets.xcassets */; };
		4762B8F51C8E36AA0008BBD3 /* LaunchScreen.storyboard in Resources */ = {isa = PBXBuildFile; fileRef = 4762B8F31C8E36AA0008BBD3 /* LaunchScreen.storyboard */; };
		4762B9001C8E36AA0008BBD3 /* ImagesAgainstHumanityTests.swift in Sources */ = {isa = PBXBuildFile; fileRef = 4762B8FF1C8E36AA0008BBD3 /* ImagesAgainstHumanityTests.swift */; };
/* End PBXBuildFile section */

/* Begin PBXContainerItemProxy section */
		4762B8FC1C8E36AA0008BBD3 /* PBXContainerItemProxy */ = {
			isa = PBXContainerItemProxy;
			containerPortal = 4762B8DC1C8E36AA0008BBD3 /* Project object */;
			proxyType = 1;
			remoteGlobalIDString = 4762B8E31C8E36AA0008BBD3;
			remoteInfo = ImagesAgainstHumanity;
		};
/* End PBXContainerItemProxy section */

/* Begin PBXFileReference section */
		4762B8E41C8E36AA0008BBD3 /* ImagesAgainstHumanity.app */ = {isa = PBXFileReference; explicitFileType = wrapper.application; includeInIndex = 0; path = ImagesAgainstHumanity.app; sourceTree = BUILT_PRODUCTS_DIR; };
		4762B8E71C8E36AA0008BBD3 /* AppDelegate.swift */ = {isa = PBXFileReference; lastKnownFileType = sourcecode.swift; path = AppDelegate.swift; sourceTree = "<group>"; };
		4762B8E91C8E36AA0008BBD3 /* ViewController.swift */ = {isa = PBXFileReference; lastKnownFileType = sourcecode.swift; path = ViewController.swift; sourceTree = "<group>"; };
		4762B8EC1C8E36AA0008BBD3 /* Base */ = {isa = PBXFileReference; lastKnownFileType = file.storyboard; name = Base; path = Base.lproj/Main.storyboard; sourceTree = "<group>"; };
		4762B8EF1C8E36AA0008BBD3 /* ImagesAgainstHumanity.xcdatamodel */ = {isa = PBXFileReference; lastKnownFileType = wrapper.xcdatamodel; path = ImagesAgainstHumanity.xcdatamodel; sourceTree = "<group>"; };
		4762B8F11C8E36AA0008BBD3 /* Assets.xcassets */ = {isa = PBXFileReference; lastKnownFileType = folder.assetcatalog; path = Assets.xcassets; sourceTree = "<group>"; };
		4762B8F41C8E36AA0008BBD3 /* Base */ = {isa = PBXFileReference; lastKnownFileType = file.storyboard; name = Base; path = Base.lproj/LaunchScreen.storyboard; sourceTree = "<group>"; };
		4762B8F61C8E36AA0008BBD3 /* Info.plist */ = {isa = PBXFileReference; lastKnownFileType = text.plist.xml; path = Info.plist; sourceTree = "<group>"; };
		4762B8FB1C8E36AA0008BBD3 /* ImagesAgainstHumanityTests.xctest */ = {isa = PBXFileReference; explicitFileType = wrapper.cfbundle; includeInIndex = 0; path = ImagesAgainstHumanityTests.xctest; sourceTree = BUILT_PRODUCTS_DIR; };
		4762B8FF1C8E36AA0008BBD3 /* ImagesAgainstHumanityTests.swift */ = {isa = PBXFileReference; lastKnownFileType = sourcecode.swift; path = ImagesAgainstHumanityTests.swift; sourceTree = "<group>"; };
		4762B9011C8E36AA0008BBD3 /* Info.plist */ = {isa = PBXFileReference; lastKnownFileType = text.plist.xml; path = Info.plist; sourceTree = "<group>"; };
/* End PBXFileReference section */

/* Begin PBXFrameworksBuildPhase section */
		4762B8E11C8E36AA0008BBD3 /* Frameworks */ = {
			isa = PBXFrameworksBuildPhase;
			buildActionMask = 2147483647;
			files = (
			);
			runOnlyForDeploymentPostprocessing = 0;
		};
		4762B8F81C8E36AA0008BBD3 /* Frameworks */ = {
			isa = PBXFrameworksBuildPhase;
			buildActionMask = 2147483647;
			files = (
			);
			runOnlyForDeploymentPostprocessing = 0;
		};
/* End PBXFrameworksBuildPhase section */

/* Begin PBXGroup section */
		4762B8DB1C8E36AA0008BBD3 = {
			isa = PBXGroup;
			children = (
				4762B8E61C8E36AA0008BBD3 /* ImagesAgainstHumanity */,
				4762B8FE1C8E36AA0008BBD3 /* ImagesAgainstHumanityTests */,
				4762B8E51C8E36AA0008BBD3 /* Products */,
			);
			sourceTree = "<group>";
		};
		4762B8E51C8E36AA0008BBD3 /* Products */ = {
			isa = PBXGroup;
			children = (
				4762B8E41C8E36AA0008BBD3 /* ImagesAgainstHumanity.app */,
				4762B8FB1C8E36AA0008BBD3 /* ImagesAgainstHumanityTests.xctest */,
			);
			name = Products;
			sourceTree = "<group>";
		};
		4762B8E61C8E36AA0008BBD3 /* ImagesAgainstHumanity */ = {
			isa = PBXGroup;
			children = (
				4762B8E71C8E36AA0008BBD3 /* AppDelegate.swift */,
				4762B8E91C8E36AA0008BBD3 /* ViewController.swift */,
				4762B8EB1C8E36AA0008BBD3 /* Main.storyboard */,
				4762B8F11C8E36AA0008BBD3 /* Assets.xcassets */,
				4762B8F31C8E36AA0008BBD3 /* LaunchScreen.storyboard */,
				4762B8F61C8E36AA0008BBD3 /* Info.plist */,
				4762B8EE1C8E36AA0008BBD3 /* ImagesAgainstHumanity.xcdatamodeld */,
			);
			path = ImagesAgainstHumanity;
			sourceTree = "<group>";
		};
		4762B8FE1C8E36AA0008BBD3 /* ImagesAgainstHumanityTests */ = {
			isa = PBXGroup;
			children = (
				4762B8FF1C8E36AA0008BBD3 /* ImagesAgainstHumanityTests.swift */,
				4762B9011C8E36AA0008BBD3 /* Info.plist */,
			);
			path = ImagesAgainstHumanityTests;
			sourceTree = "<group>";
		};
/* End PBXGroup section */

/* Begin PBXNativeTarget section */
		4762B8E31C8E36AA0008BBD3 /* ImagesAgainstHumanity */ = {
			isa = PBXNativeTarget;
			buildConfigurationList = 4762B9041C8E36AA0008BBD3 /* Build configuration list for PBXNativeTarget "ImagesAgainstHumanity" */;
			buildPhases = (
				4762B8E01C8E36AA0008BBD3 /* Sources */,
				4762B8E11C8E36AA0008BBD3 /* Frameworks */,
				4762B8E21C8E36AA0008BBD3 /* Resources */,
			);
			buildRules = (
			);
			dependencies = (
			);
			name = ImagesAgainstHumanity;
			productName = ImagesAgainstHumanity;
			productReference = 4762B8E41C8E36AA0008BBD3 /* ImagesAgainstHumanity.app */;
			productType = "com.apple.product-type.application";
		};
		4762B8FA1C8E36AA0008BBD3 /* ImagesAgainstHumanityTests */ = {
			isa = PBXNativeTarget;
			buildConfigurationList = 4762B9071C8E36AA0008BBD3 /* Build configuration list for PBXNativeTarget "ImagesAgainstHumanityTests" */;
			buildPhases = (
				4762B8F71C8E36AA0008BBD3 /* Sources */,
				4762B8F81C8E36AA0008BBD3 /* Frameworks */,
				4762B8F91C8E36AA0008BBD3 /* Resources */,
			);
			buildRules = (
			);
			dependencies = (
				4762B8FD1C8E36AA0008BBD3 /* PBXTargetDependency */,
			);
			name = ImagesAgainstHumanityTests;
			productName = ImagesAgainstHumanityTests;
			productReference = 4762B8FB1C8E36AA0008BBD3 /* ImagesAgainstHumanityTests.xctest */;
			productType = "com.apple.product-type.bundle.unit-test";
		};
/* End PBXNativeTarget section */

/* Begin PBXProject section */
		4762B8DC1C8E36AA0008BBD3 /* Project object */ = {
			isa = PBXProject;
			attributes = {
				LastSwiftUpdateCheck = 0720;
				LastUpgradeCheck = 0720;
				ORGANIZATIONNAME = "Brock Oberhansley";
				TargetAttributes = {
					4762B8E31C8E36AA0008BBD3 = {
						CreatedOnToolsVersion = 7.2.1;
					};
					4762B8FA1C8E36AA0008BBD3 = {
						CreatedOnToolsVersion = 7.2.1;
						TestTargetID = 4762B8E31C8E36AA0008BBD3;
					};
				};
			};
			buildConfigurationList = 4762B8DF1C8E36AA0008BBD3 /* Build configuration list for PBXProject "ImagesAgainstHumanity" */;
			compatibilityVersion = "Xcode 3.2";
			developmentRegion = English;
			hasScannedForEncodings = 0;
			knownRegions = (
				en,
				Base,
			);
			mainGroup = 4762B8DB1C8E36AA0008BBD3;
			productRefGroup = 4762B8E51C8E36AA0008BBD3 /* Products */;
			projectDirPath = "";
			projectRoot = "";
			targets = (
				4762B8E31C8E36AA0008BBD3 /* ImagesAgainstHumanity */,
				4762B8FA1C8E36AA0008BBD3 /* ImagesAgainstHumanityTests */,
			);
		};
/* End PBXProject section */

/* Begin PBXResourcesBuildPhase section */
		4762B8E21C8E36AA0008BBD3 /* Resources */ = {
			isa = PBXResourcesBuildPhase;
			buildActionMask = 2147483647;
			files = (
				4762B8F51C8E36AA0008BBD3 /* LaunchScreen.storyboard in Resources */,
				4762B8F21C8E36AA0008BBD3 /* Assets.xcassets in Resources */,
				4762B8ED1C8E36AA0008BBD3 /* Main.storyboard in Resources */,
			);
			runOnlyForDeploymentPostprocessing = 0;
		};
		4762B8F91C8E36AA0008BBD3 /* Resources */ = {
			isa = PBXResourcesBuildPhase;
			buildActionMask = 2147483647;
			files = (
			);
			runOnlyForDeploymentPostprocessing = 0;
		};
/* End PBXResourcesBuildPhase section */

/* Begin PBXSourcesBuildPhase section */
		4762B8E01C8E36AA0008BBD3 /* Sources */ = {
			isa = PBXSourcesBuildPhase;
			buildActionMask = 2147483647;
			files = (
				4762B8F01C8E36AA0008BBD3 /* ImagesAgainstHumanity.xcdatamodeld in Sources */,
				4762B8EA1C8E36AA0008BBD3 /* ViewController.swift in Sources */,
				4762B8E81C8E36AA0008BBD3 /* AppDelegate.swift in Sources */,
			);
			runOnlyForDeploymentPostprocessing = 0;
		};
		4762B8F71C8E36AA0008BBD3 /* Sources */ = {
			isa = PBXSourcesBuildPhase;
			buildActionMask = 2147483647;
			files = (
				4762B9001C8E36AA0008BBD3 /* ImagesAgainstHumanityTests.swift in Sources */,
			);
			runOnlyForDeploymentPostprocessing = 0;
		};
/* End PBXSourcesBuildPhase section */

/* Begin PBXTargetDependency section */
		4762B8FD1C8E36AA0008BBD3 /* PBXTargetDependency */ = {
			isa = PBXTargetDependency;
			target = 4762B8E31C8E36AA0008BBD3 /* ImagesAgainstHumanity */;
			targetProxy = 4762B8FC1C8E36AA0008BBD3 /* PBXContainerItemProxy */;
		};
/* End PBXTargetDependency section */

/* Begin PBXVariantGroup section */
		4762B8EB1C8E36AA0008BBD3 /* Main.storyboard */ = {
			isa = PBXVariantGroup;
			children = (
				4762B8EC1C8E36AA0008BBD3 /* Base */,
			);
			name = Main.storyboard;
			sourceTree = "<group>";
		};
		4762B8F31C8E36AA0008BBD3 /* LaunchScreen.storyboard */ = {
			isa = PBXVariantGroup;
			children = (
				4762B8F41C8E36AA0008BBD3 /* Base */,
			);
			name = LaunchScreen.storyboard;
			sourceTree = "<group>";
		};
/* End PBXVariantGroup section */

/* Begin XCBuildConfiguration section */
		4762B9021C8E36AA0008BBD3 /* Debug */ = {
			isa = XCBuildConfiguration;
			buildSettings = {
				ALWAYS_SEARCH_USER_PATHS = NO;
				CLANG_CXX_LANGUAGE_STANDARD = "gnu++0x";
				CLANG_CXX_LIBRARY = "libc++";
				CLANG_ENABLE_MODULES = YES;
				CLANG_ENABLE_OBJC_ARC = YES;
				CLANG_WARN_BOOL_CONVERSION = YES;
				CLANG_WARN_CONSTANT_CONVERSION = YES;
				CLANG_WARN_DIRECT_OBJC_ISA_USAGE = YES_ERROR;
				CLANG_WARN_EMPTY_BODY = YES;
				CLANG_WARN_ENUM_CONVERSION = YES;
				CLANG_WARN_INT_CONVERSION = YES;
				CLANG_WARN_OBJC_ROOT_CLASS = YES_ERROR;
				CLANG_WARN_UNREACHABLE_CODE = YES;
				CLANG_WARN__DUPLICATE_METHOD_MATCH = YES;
				"CODE_SIGN_IDENTITY[sdk=iphoneos*]" = "iPhone Developer";
				COPY_PHASE_STRIP = NO;
				DEBUG_INFORMATION_FORMAT = dwarf;
				ENABLE_STRICT_OBJC_MSGSEND = YES;
				ENABLE_TESTABILITY = YES;
				GCC_C_LANGUAGE_STANDARD = gnu99;
				GCC_DYNAMIC_NO_PIC = NO;
				GCC_NO_COMMON_BLOCKS = YES;
				GCC_OPTIMIZATION_LEVEL = 0;
				GCC_PREPROCESSOR_DEFINITIONS = (
					"DEBUG=1",
					"$(inherited)",
				);
				GCC_WARN_64_TO_32_BIT_CONVERSION = YES;
				GCC_WARN_ABOUT_RETURN_TYPE = YES_ERROR;
				GCC_WARN_UNDECLARED_SELECTOR = YES;
				GCC_WARN_UNINITIALIZED_AUTOS = YES_AGGRESSIVE;
				GCC_WARN_UNUSED_FUNCTION = YES;
				GCC_WARN_UNUSED_VARIABLE = YES;
				IPHONEOS_DEPLOYMENT_TARGET = 9.2;
				MTL_ENABLE_DEBUG_INFO = YES;
				ONLY_ACTIVE_ARCH = YES;
				SDKROOT = iphoneos;
				SWIFT_OPTIMIZATION_LEVEL = "-Onone";
				TARGETED_DEVICE_FAMILY = "1,2";
			};
			name = Debug;
		};
		4762B9031C8E36AA0008BBD3 /* Release */ = {
			isa = XCBuildConfiguration;
			buildSettings = {
				ALWAYS_SEARCH_USER_PATHS = NO;
				CLANG_CXX_LANGUAGE_STANDARD = "gnu++0x";
				CLANG_CXX_LIBRARY = "libc++";
				CLANG_ENABLE_MODULES = YES;
				CLANG_ENABLE_OBJC_ARC = YES;
				CLANG_WARN_BOOL_CONVERSION = YES;
				CLANG_WARN_CONSTANT_CONVERSION = YES;
				CLANG_WARN_DIRECT_OBJC_ISA_USAGE = YES_ERROR;
				CLANG_WARN_EMPTY_BODY = YES;
				CLANG_WARN_ENUM_CONVERSION = YES;
				CLANG_WARN_INT_CONVERSION = YES;
				CLANG_WARN_OBJC_ROOT_CLASS = YES_ERROR;
				CLANG_WARN_UNREACHABLE_CODE = YES;
				CLANG_WARN__DUPLICATE_METHOD_MATCH = YES;
				"CODE_SIGN_IDENTITY[sdk=iphoneos*]" = "iPhone Developer";
				COPY_PHASE_STRIP = NO;
				DEBUG_INFORMATION_FORMAT = "dwarf-with-dsym";
				ENABLE_NS_ASSERTIONS = NO;
				ENABLE_STRICT_OBJC_MSGSEND = YES;
				GCC_C_LANGUAGE_STANDARD = gnu99;
				GCC_NO_COMMON_BLOCKS = YES;
				GCC_WARN_64_TO_32_BIT_CONVERSION = YES;
				GCC_WARN_ABOUT_RETURN_TYPE = YES_ERROR;
				GCC_WARN_UNDECLARED_SELECTOR = YES;
				GCC_WARN_UNINITIALIZED_AUTOS = YES_AGGRESSIVE;
				GCC_WARN_UNUSED_FUNCTION = YES;
				GCC_WARN_UNUSED_VARIABLE = YES;
				IPHONEOS_DEPLOYMENT_TARGET = 9.2;
				MTL_ENABLE_DEBUG_INFO = NO;
				SDKROOT = iphoneos;
				TARGETED_DEVICE_FAMILY = "1,2";
				VALIDATE_PRODUCT = YES;
			};
			name = Release;
		};
		4762B9051C8E36AA0008BBD3 /* Debug */ = {
			isa = XCBuildConfiguration;
			buildSettings = {
				ASSETCATALOG_COMPILER_APPICON_NAME = AppIcon;
				INFOPLIST_FILE = ImagesAgainstHumanity/Info.plist;
				LD_RUNPATH_SEARCH_PATHS = "$(inherited) @executable_path/Frameworks";
				PRODUCT_BUNDLE_IDENTIFIER = com.brockoberhansley.ImagesAgainstHumanity;
				PRODUCT_NAME = "$(TARGET_NAME)";
			};
			name = Debug;
		};
		4762B9061C8E36AA0008BBD3 /* Release */ = {
			isa = XCBuildConfiguration;
			buildSettings = {
				ASSETCATALOG_COMPILER_APPICON_NAME = AppIcon;
				INFOPLIST_FILE = ImagesAgainstHumanity/Info.plist;
				LD_RUNPATH_SEARCH_PATHS = "$(inherited) @executable_path/Frameworks";
				PRODUCT_BUNDLE_IDENTIFIER = com.brockoberhansley.ImagesAgainstHumanity;
				PRODUCT_NAME = "$(TARGET_NAME)";
			};
			name = Release;
		};
		4762B9081C8E36AA0008BBD3 /* Debug */ = {
			isa = XCBuildConfiguration;
			buildSettings = {
				BUNDLE_LOADER = "$(TEST_HOST)";
				INFOPLIST_FILE = ImagesAgainstHumanityTests/Info.plist;
				LD_RUNPATH_SEARCH_PATHS = "$(inherited) @executable_path/Frameworks @loader_path/Frameworks";
				PRODUCT_BUNDLE_IDENTIFIER = com.brockoberhansley.ImagesAgainstHumanityTests;
				PRODUCT_NAME = "$(TARGET_NAME)";
				TEST_HOST = "$(BUILT_PRODUCTS_DIR)/ImagesAgainstHumanity.app/ImagesAgainstHumanity";
			};
			name = Debug;
		};
		4762B9091C8E36AA0008BBD3 /* Release */ = {
			isa = XCBuildConfiguration;
			buildSettings = {
				BUNDLE_LOADER = "$(TEST_HOST)";
				INFOPLIST_FILE = ImagesAgainstHumanityTests/Info.plist;
				LD_RUNPATH_SEARCH_PATHS = "$(inherited) @executable_path/Frameworks @loader_path/Frameworks";
				PRODUCT_BUNDLE_IDENTIFIER = com.brockoberhansley.ImagesAgainstHumanityTests;
				PRODUCT_NAME = "$(TARGET_NAME)";
				TEST_HOST = "$(BUILT_PRODUCTS_DIR)/ImagesAgainstHumanity.app/ImagesAgainstHumanity";
			};
			name = Release;
		};
/* End XCBuildConfiguration section */

/* Begin XCConfigurationList section */
		4762B8DF1C8E36AA0008BBD3 /* Build configuration list for PBXProject "ImagesAgainstHumanity" */ = {
			isa = XCConfigurationList;
			buildConfigurations = (
				4762B9021C8E36AA0008BBD3 /* Debug */,
				4762B9031C8E36AA0008BBD3 /* Release */,
			);
			defaultConfigurationIsVisible = 0;
			defaultConfigurationName = Release;
		};
		4762B9041C8E36AA0008BBD3 /* Build configuration list for PBXNativeTarget "ImagesAgainstHumanity" */ = {
			isa = XCConfigurationList;
			buildConfigurations = (
				4762B9051C8E36AA0008BBD3 /* Debug */,
				4762B9061C8E36AA0008BBD3 /* Release */,
			);
			defaultConfigurationIsVisible = 0;
		};
		4762B9071C8E36AA0008BBD3 /* Build configuration list for PBXNativeTarget "ImagesAgainstHumanityTests" */ = {
			isa = XCConfigurationList;
			buildConfigurations = (
				4762B9081C8E36AA0008BBD3 /* Debug */,
				4762B9091C8E36AA0008BBD3 /* Release */,
			);
			defaultConfigurationIsVisible = 0;
		};
/* End XCConfigurationList section */

/* Begin XCVersionGroup section */
		4762B8EE1C8E36AA0008BBD3 /* ImagesAgainstHumanity.xcdatamodeld */ = {
			isa = XCVersionGroup;
			children = (
				4762B8EF1C8E36AA0008BBD3 /* ImagesAgainstHumanity.xcdatamodel */,
			);
			currentVersion = 4762B8EF1C8E36AA0008BBD3 /* ImagesAgainstHumanity.xcdatamodel */;
			path = ImagesAgainstHumanity.xcdatamodeld;
			sourceTree = "<group>";
			versionGroupType = wrapper.xcdatamodel;
		};
/* End XCVersionGroup section */
	};
	rootObject = 4762B8DC1C8E36AA0008BBD3 /* Project object */;
}
